
Microsoft Visual Studio Solution File, Format Version 11.00
# Visual Studio 2010
Project("{FAE04EC0-301F-11D3-BF4B-00C04F79EFBC}") = "Gunther.JobRepository", "Gunther.JobRepository\Gunther.JobRepository.csproj", "{A0EACF8C-71D8-41CA-AADF-32A2D51871DA}"
EndProject
Project("{FAE04EC0-301F-11D3-BF4B-00C04F79EFBC}") = "Duomo.Common.Gunther.Lib", "..\Gunther\Gunther.Lib\Duomo.Common.Gunther.Lib.csproj", "{298241DD-92E1-4921-8C93-A22EE13BDEB0}"
EndProject
Project("{FAE04EC0-301F-11D3-BF4B-00C04F79EFBC}") = "Duomo.Common.Lib", "..\..\Lib\Duomo.Common.Lib\Duomo.Common.Lib.csproj", "{8ACA8572-2814-492E-B4F8-FC9DAE6B0B44}"
EndProject
Global
	GlobalSection(SolutionConfigurationPlatforms) = preSolution
		Debug|Any CPU = Debug|Any CPU
		Debug|Mixed Platforms = Debug|Mixed Platforms
		Debug|x86 = Debug|x86
		Release|Any CPU = Release|Any CPU
		Release|Mixed Platforms = Release|Mixed Platforms
		Release|x86 = Release|x86
	EndGlobalSection
	GlobalSection(ProjectConfigurationPlatforms) = postSolution
		{A0EACF8C-71D8-41CA-AADF-32A2D51871DA}.Debug|Any CPU.ActiveCfg = Debug|x86
		{A0EACF8C-71D8-41CA-AADF-32A2D51871DA}.Debug|Mixed Platforms.ActiveCfg = Debug|x86
		{A0EACF8C-71D8-41CA-AADF-32A2D51871DA}.Debug|Mixed Platforms.Build.0 = Debug|x86
		{A0EACF8C-71D8-41CA-AADF-32A2D51871DA}.Debug|x86.ActiveCfg = Debug|x86
		{A0EACF8C-71D8-41CA-AADF-32A2D51871DA}.Debug|x86.Build.0 = Debug|x86
		{A0EACF8C-71D8-41CA-AADF-32A2D51871DA}.Release|Any CPU.ActiveCfg = Release|x86
		{A0EACF8C-71D8-41CA-AADF-32A2D51871DA}.Release|Mixed Platforms.ActiveCfg = Release|x86
		{A0EACF8C-71D8-41CA-AADF-32A2D51871DA}.Release|Mixed Platforms.Build.0 = Release|x86
		{A0EACF8C-71D8-41CA-AADF-32A2D51871DA}.Release|x86.ActiveCfg = Release|x86
		{A0EACF8C-71D8-41CA-AADF-32A2D51871DA}.Release|x86.Build.0 = Release|x86
		{298241DD-92E1-4921-8C93-A22EE13BDEB0}.Debug|Any CPU.ActiveCfg = Debug|Any CPU
		{298241DD-92E1-4921-8C93-A22EE13BDEB0}.Debug|Any CPU.Build.0 = Debug|Any CPU
		{298241DD-92E1-4921-8C93-A22EE13BDEB0}.Debug|Mixed Platforms.ActiveCfg = Debug|Any CPU
		{298241DD-92E1-4921-8C93-A22EE13BDEB0}.Debug|Mixed Platforms.Build.0 = Debug|Any CPU
		{298241DD-92E1-4921-8C93-A22EE13BDEB0}.Debug|x86.ActiveCfg = Debug|Any CPU
		{298241DD-92E1-4921-8C93-A22EE13BDEB0}.Release|Any CPU.ActiveCfg = Release|Any CPU
		{298241DD-92E1-4921-8C93-A22EE13BDEB0}.Release|Any CPU.Build.0 = Release|Any CPU
		{298241DD-92E1-4921-8C93-A22EE13BDEB0}.Release|Mixed Platforms.ActiveCfg = Release|Any CPU
		{298241DD-92E1-4921-8C93-A22EE13BDEB0}.Release|Mixed Platforms.Build.0 = Release|Any CPU
		{298241DD-92E1-4921-8C93-A22EE13BDEB0}.Release|x86.ActiveCfg = Release|Any CPU
		{8ACA8572-2814-492E-B4F8-FC9DAE6B0B44}.Debug|Any CPU.ActiveCfg = Debug|Any CPU
		{8ACA8572-2814-492E-B4F8-FC9DAE6B0B44}.Debug|Any CPU.Build.0 = Debug|Any CPU
		{8ACA8572-2814-492E-B4F8-FC9DAE6B0B44}.Debug|Mixed Platforms.ActiveCfg = Debug|Any CPU
		{8ACA8572-2814-492E-B4F8-FC9DAE6B0B44}.Debug|Mixed Platforms.Build.0 = Debug|Any CPU
		{8ACA8572-2814-492E-B4F8-FC9DAE6B0B44}.Debug|x86.ActiveCfg = Debug|Any CPU
		{8ACA8572-2814-492E-B4F8-FC9DAE6B0B44}.Release|Any CPU.ActiveCfg = Release|Any CPU
		{8ACA8572-2814-492E-B4F8-FC9DAE6B0B44}.Release|Any CPU.Build.0 = Release|Any CPU
		{8ACA8572-2814-492E-B4F8-FC9DAE6B0B44}.Release|Mixed Platforms.ActiveCfg = Release|Any CPU
		{8ACA8572-2814-492E-B4F8-FC9DAE6B0B44}.Release|Mixed Platforms.Build.0 = Release|Any CPU
		{8ACA8572-2814-492E-B4F8-FC9DAE6B0B44}.Release|x86.ActiveCfg = Release|Any CPU
	EndGlobalSection
	GlobalSection(SolutionProperties) = preSolution
		HideSolutionNode = FALSE
	EndGlobalSection
EndGlobal
