
Microsoft Visual Studio Solution File, Format Version 11.00
# Visual Studio 2010
Project("{FAE04EC0-301F-11D3-BF4B-00C04F79EFBC}") = "Duomo.Common.Lib.Yahoo.Construction", "Lib.Yahoo.Construction\Duomo.Common.Lib.Yahoo.Construction.csproj", "{63B52A11-108A-45EE-8440-317126528920}"
EndProject
Project("{FAE04EC0-301F-11D3-BF4B-00C04F79EFBC}") = "Duomo.Common.Lib.Yahoo", "Lib.Yahoo\Duomo.Common.Lib.Yahoo.csproj", "{4BDB3A6D-BE37-48AF-97AB-D7E92348473F}"
EndProject
Project("{FAE04EC0-301F-11D3-BF4B-00C04F79EFBC}") = "Duomo.Common.Lib", "..\Lib\Lib\Duomo.Common.Lib.csproj", "{95F51A9B-2168-44BF-8F89-C797F6A51A0F}"
EndProject
Global
	GlobalSection(SolutionConfigurationPlatforms) = preSolution
		Debug|Any CPU = Debug|Any CPU
		Debug|Mixed Platforms = Debug|Mixed Platforms
		Debug|x86 = Debug|x86
		Release|Any CPU = Release|Any CPU
		Release|Mixed Platforms = Release|Mixed Platforms
		Release|x86 = Release|x86
	EndGlobalSection
	GlobalSection(ProjectConfigurationPlatforms) = postSolution
		{63B52A11-108A-45EE-8440-317126528920}.Debug|Any CPU.ActiveCfg = Debug|x86
		{63B52A11-108A-45EE-8440-317126528920}.Debug|Mixed Platforms.ActiveCfg = Debug|x86
		{63B52A11-108A-45EE-8440-317126528920}.Debug|Mixed Platforms.Build.0 = Debug|x86
		{63B52A11-108A-45EE-8440-317126528920}.Debug|x86.ActiveCfg = Debug|x86
		{63B52A11-108A-45EE-8440-317126528920}.Debug|x86.Build.0 = Debug|x86
		{63B52A11-108A-45EE-8440-317126528920}.Release|Any CPU.ActiveCfg = Release|x86
		{63B52A11-108A-45EE-8440-317126528920}.Release|Mixed Platforms.ActiveCfg = Release|x86
		{63B52A11-108A-45EE-8440-317126528920}.Release|Mixed Platforms.Build.0 = Release|x86
		{63B52A11-108A-45EE-8440-317126528920}.Release|x86.ActiveCfg = Release|x86
		{63B52A11-108A-45EE-8440-317126528920}.Release|x86.Build.0 = Release|x86
		{4BDB3A6D-BE37-48AF-97AB-D7E92348473F}.Debug|Any CPU.ActiveCfg = Debug|Any CPU
		{4BDB3A6D-BE37-48AF-97AB-D7E92348473F}.Debug|Any CPU.Build.0 = Debug|Any CPU
		{4BDB3A6D-BE37-48AF-97AB-D7E92348473F}.Debug|Mixed Platforms.ActiveCfg = Debug|Any CPU
		{4BDB3A6D-BE37-48AF-97AB-D7E92348473F}.Debug|Mixed Platforms.Build.0 = Debug|Any CPU
		{4BDB3A6D-BE37-48AF-97AB-D7E92348473F}.Debug|x86.ActiveCfg = Debug|Any CPU
		{4BDB3A6D-BE37-48AF-97AB-D7E92348473F}.Release|Any CPU.ActiveCfg = Release|Any CPU
		{4BDB3A6D-BE37-48AF-97AB-D7E92348473F}.Release|Any CPU.Build.0 = Release|Any CPU
		{4BDB3A6D-BE37-48AF-97AB-D7E92348473F}.Release|Mixed Platforms.ActiveCfg = Release|Any CPU
		{4BDB3A6D-BE37-48AF-97AB-D7E92348473F}.Release|Mixed Platforms.Build.0 = Release|Any CPU
		{4BDB3A6D-BE37-48AF-97AB-D7E92348473F}.Release|x86.ActiveCfg = Release|Any CPU
		{95F51A9B-2168-44BF-8F89-C797F6A51A0F}.Debug|Any CPU.ActiveCfg = Debug|Any CPU
		{95F51A9B-2168-44BF-8F89-C797F6A51A0F}.Debug|Any CPU.Build.0 = Debug|Any CPU
		{95F51A9B-2168-44BF-8F89-C797F6A51A0F}.Debug|Mixed Platforms.ActiveCfg = Debug|Any CPU
		{95F51A9B-2168-44BF-8F89-C797F6A51A0F}.Debug|Mixed Platforms.Build.0 = Debug|Any CPU
		{95F51A9B-2168-44BF-8F89-C797F6A51A0F}.Debug|x86.ActiveCfg = Debug|Any CPU
		{95F51A9B-2168-44BF-8F89-C797F6A51A0F}.Release|Any CPU.ActiveCfg = Release|Any CPU
		{95F51A9B-2168-44BF-8F89-C797F6A51A0F}.Release|Any CPU.Build.0 = Release|Any CPU
		{95F51A9B-2168-44BF-8F89-C797F6A51A0F}.Release|Mixed Platforms.ActiveCfg = Release|Any CPU
		{95F51A9B-2168-44BF-8F89-C797F6A51A0F}.Release|Mixed Platforms.Build.0 = Release|Any CPU
		{95F51A9B-2168-44BF-8F89-C797F6A51A0F}.Release|x86.ActiveCfg = Release|Any CPU
	EndGlobalSection
	GlobalSection(SolutionProperties) = preSolution
		HideSolutionNode = FALSE
	EndGlobalSection
EndGlobal
