
Microsoft Visual Studio Solution File, Format Version 12.00
Project("{FAE04EC0-301F-11D3-BF4B-00C04F79EFBC}") = "CaseStudy", "CaseStudy\CaseStudy.csproj", "{803B296E-2C90-4ED4-B5F0-F77AA61A2D6C}"
EndProject
Project("{FAE04EC0-301F-11D3-BF4B-00C04F79EFBC}") = "Duomo.Common.Lib", "..\..\..\Common\Lib\Duomo.Common.Lib\Duomo.Common.Lib.csproj", "{8ACA8572-2814-492E-B4F8-FC9DAE6B0B44}"
EndProject
Global
	GlobalSection(SolutionConfigurationPlatforms) = preSolution
		Debug|Any CPU = Debug|Any CPU
		Release|Any CPU = Release|Any CPU
	EndGlobalSection
	GlobalSection(ProjectConfigurationPlatforms) = postSolution
		{803B296E-2C90-4ED4-B5F0-F77AA61A2D6C}.Debug|Any CPU.ActiveCfg = Debug|Any CPU
		{803B296E-2C90-4ED4-B5F0-F77AA61A2D6C}.Debug|Any CPU.Build.0 = Debug|Any CPU
		{803B296E-2C90-4ED4-B5F0-F77AA61A2D6C}.Release|Any CPU.ActiveCfg = Release|Any CPU
		{803B296E-2C90-4ED4-B5F0-F77AA61A2D6C}.Release|Any CPU.Build.0 = Release|Any CPU
		{8ACA8572-2814-492E-B4F8-FC9DAE6B0B44}.Debug|Any CPU.ActiveCfg = Debug|Any CPU
		{8ACA8572-2814-492E-B4F8-FC9DAE6B0B44}.Debug|Any CPU.Build.0 = Debug|Any CPU
		{8ACA8572-2814-492E-B4F8-FC9DAE6B0B44}.Release|Any CPU.ActiveCfg = Release|Any CPU
		{8ACA8572-2814-492E-B4F8-FC9DAE6B0B44}.Release|Any CPU.Build.0 = Release|Any CPU
	EndGlobalSection
	GlobalSection(SolutionProperties) = preSolution
		HideSolutionNode = FALSE
	EndGlobalSection
EndGlobal
